github.com/davecgh/go-spew v1.1.1 h1:vj9j/u1bqnvCEfJOwUhtlOARqs3+rkHYY13jYWTU97c=
github.com/davecgh/go-spew v1.1.1/go.mod h1:J7Y8YcW2NihsgmVo/mv3lAwl/skON4iLHjSsI+c5H38=
github.com/kr/pretty v0.1.0 h1:L/CwN0zerZDmRFUapSPitk6f+Q3+0za1rQkzVuMiMFI=
github.com/kr/pretty v0.1.0/go.mod h1:dAy3ld7l9f0ibDNOQOHHMYYIIbhfbHSm3C4ZsoJORNo=
github.com/kr/pty v1.1.1/go.mod h1:pFQYn66WHrOpPYNljwOMqo10TkYh1fy3cYio2l3bCsQ=
github.com/kr/text v0.1.0 h1:45sCR5RtlFHMR4UwH9sdQ5TC8v0qDQCHnXt+kaKSTVE=
github.com/kr/text v0.1.0/go.mod h1:4Jbv+DJW3UT/LiOwJeYQe1efqtUx/iVham/4vfdArNI=
github.com/mattn/go-runewidth v0.0.15 h1:UNAjwbU9l54TA3KzvqLGxwWjHmMgBUVhBiTjelZgg3U=
github.com/mattn/go-runewidth v0.0.15/go.mod h1:Jdepj2loyihRzMpdS35Xk/zdY8IAYHsh153qUoGf23w=
github.com/pkg/errors v0.9.1 h1:FEBLx1zS214owpjy7qsBeixbURkuhQAwrK5UwLGTwt4=
github.com/pkg/errors v0.9.1/go.mod h1:bwawxfHBFNV+L2hUp1rHADufV3IMtnDRdf1r5NINEl0=
github.com/pmezard/go-difflib v1.0.0 h1:4DBwDE0NGyQoBHbLQYPwSUPoCMWR5BEzIk/f1lZbAQM=
github.com/pmezard/go-difflib v1.0.0/go.mod h1:iKH77koFhYxTK1pcRnkKkqfTogsbg7gZNVY4sRDYZ/4=
github.com/richardlehane/mscfb v1.0.6 h1:eN3bvvZCp00bs7Zf52bxNwAx5lJDBK1tCuH19qq5aC8=
github.com/richardlehane/mscfb v1.0.6/go.mod h1:pe0+IUIc0AHh0+teNzBlJCtSyZdFOGgV4ZK9bsoV+Jo=
github.com/richardlehane/msoleps v1.0.6 h1:9BvkpjvD+iUBalUY4esMwv6uBkfOip/Lzvd93jvR9gg=
github.com/richardlehane/msoleps v1.0.6/go.mod h1:BWev5JBpU9Ko2WAgmZEuiz4/u3ZYTKbjLycmwiWUfWg=
github.com/rivo/uniseg v0.2.0 h1:S1pD9weZBuJdFmowNwbpi7BJ8TNftyUImj/0WQi72jY=
github.com/rivo/uniseg v0.2.0/go.mod h1:J6wj4VEh+S6ZtnVlnTBMWIodfgj8LQOQFoIToxlJtxc=
github.com/rmasci/gotabulate v1.2.10 h1:HUOAU1CPI0tAbRBxHYxj1RKWQ07d8NEbcN7vaywsQQo=
github.com/rmasci/gotabulate v1.2.10/go.mod h1:4XpGOM2pRNzWik1J1/eKyJB6q0xgXmLLKuQpdWq+7CA=
github.com/rmasci/ipsubnet v0.0.0-20210318194400-8c413a19960d h1:tAeRq8zZiLsBkJexDW8N25yKxgKvSPnNq6t2jsCvenA=
github.com/rmasci/ipsubnet v0.0.0-20210318194400-8c413a19960d/go.mod h1:fUOpCOCbeYaIEivmoGvIP9E9zGDgs/jwcJUQVF35DME=
github.com/spf13/pflag v1.0.10 h1:4EBh2KAYBwaONj6b2Ye1GiHfwjqyROoF4RwYO+vPwFk=
github.com/spf13/pflag v1.0.10/go.mod h1:McXfInJRrz4CZXVZOBLb0bTZqETkiAhM9Iw0y3An2Bg=
github.com/stretchr/testify v1.11.1 h1:7s2iGBzp5EwR7/aIZr8ao5+dra3wiQyKjjFuvgVKu7U=
github.com/stretchr/testify v1.11.1/go.mod h1:wZwfW3scLgRK+23gO65QZefKpKQRnfz6sD981Nm4B6U=
github.com/tealeg/xlsx v1.0.5 h1:+f8oFmvY8Gw1iUXzPk+kz+4GpbDZPK1FhPiQRd+ypgE=
github.com/tealeg/xlsx v1.0.5/go.mod h1:btRS8dz54TDnvKNosuAqxrM1QgN1udgk9O34bDCnORM=
github.com/tevino/tcp-shaker v0.0.0-20191112104505-00eab0aefc80 h1:sb31WKdNlj2prwQwgjHHkayI3cKUlS+V4mmImc1GGpw=
github.com/tevino/tcp-shaker v0.0.0-20191112104505-00eab0aefc80/go.mod h1:2F2ToSBehSmJcaQPE0lNhfH3xv+9Z2vH1a/d9fFw1nE=
github.com/tiendc/go-deepcopy v1.7.2 h1:Ut2yYR7W9tWjTQitganoIue4UGxZwCcJy3orjrrIj44=
github.com/tiendc/go-deepcopy v1.7.2/go.mod h1:4bKjNC2r7boYOkD2IOuZpYjmlDdzjbpTRyCx+goBCJQ=
github.com/xuri/efp v0.0.1 h1:fws5Rv3myXyYni8uwj2qKjVaRP30PdjeYe2Y6FDsCL8=
github.com/xuri/efp v0.0.1/go.mod h1:ybY/Jr0T0GTCnYjKqmdwxyxn2BQf2RcQIIvex5QldPI=
github.com/xuri/excelize/v2 v2.10.1 h1:V62UlqopMqha3kOpnlHy2CcRVw1V8E63jFoWUmMzxN0=
github.com/xuri/excelize/v2 v2.10.1/go.mod h1:iG5tARpgaEeIhTqt3/fgXCGoBRt4hNXgCp3tfXKoOIc=
github.com/xuri/nfp v0.0.2-0.20250530014748-2ddeb826f9a9 h1:+C0TIdyyYmzadGaL/HBLbf3WdLgC29pgyhTjAT/0nuE=
github.com/xuri/nfp v0.0.2-0.20250530014748-2ddeb826f9a9/go.mod h1:WwHg+CVyzlv/TX9xqBFXEZAuxOPxn2k1GNHwG41IIUQ=
golang.org/x/crypto v0.49.0 h1:+Ng2ULVvLHnJ/ZFEq4KdcDd/cfjrrjjNSXNzxg0Y4U4=
golang.org/x/crypto v0.49.0/go.mod h1:ErX4dUh2UM+CFYiXZRTcMpEcN8b/1gxEuv3nODoYtCA=
golang.org/x/image v0.25.0 h1:Y6uW6rH1y5y/LK1J8BPWZtr6yZ7hrsy6hFrXjgsc2fQ=
golang.org/x/image v0.25.0/go.mod h1:tCAmOEGthTtkalusGp1g3xa2gke8J6c2N565dTyl9Rs=
golang.org/x/net v0.52.0 h1:He/TN1l0e4mmR3QqHMT2Xab3Aj3L9qjbhRm78/6jrW0=
golang.org/x/net v0.52.0/go.mod h1:R1MAz7uMZxVMualyPXb+VaqGSa3LIaUqk0eEt3w36Sw=
golang.org/x/sync v0.20.0 h1:e0PTpb7pjO8GAtTs2dQ6jYa5BWYlMuX047Dco/pItO4=
golang.org/x/sync v0.20.0/go.mod h1:9xrNwdLfx4jkKbNva9FpL6vEN7evnE43NNNJQ2LF3+0=
golang.org/x/sys v0.0.0-20191110163157-d32e6e3b99c4/go.mod h1:h1NjWce9XRLGQEsW7wpKNCjG9DtNlClVuFLEZdDNbEs=
golang.org/x/sys v0.42.0 h1:omrd2nAlyT5ESRdCLYdm3+fMfNFE/+Rf4bDIQImRJeo=
golang.org/x/sys v0.42.0/go.mod h1:4GL1E5IUh+htKOUEOaiffhrAeqysfVGipDYzABqnCmw=
golang.org/x/text v0.35.0 h1:JOVx6vVDFokkpaq1AEptVzLTpDe9KGpj5tR4/X+ybL8=
golang.org/x/text v0.35.0/go.mod h1:khi/HExzZJ2pGnjenulevKNX1W67CUy0AsXcNubPGCA=
gopkg.in/check.v1 v1.0.0-20190902080502-41f04d3bba15 h1:YR8cESwS4TdDjEe65xsg0ogRM/Nc3DYOhEAlW+xobZo=
gopkg.in/check.v1 v1.0.0-20190902080502-41f04d3bba15/go.mod h1:Co6ibVJAznAaIkqp8huTwlJQCZ016jof/cbN4VW5Yz0=
gopkg.in/yaml.v3 v3.0.1 h1:fxVm/GzAzEWqLHuvctI91KS9hhNmmWOoWu0XTYJS7CA=
gopkg.in/yaml.v3 v3.0.1/go.mod h1:K4uyk7z7BCEPqu6E+C64Yfv1cQ7kz7rIZviUmN+EgEM=
